
Microsoft Visual Studio Solution File, Format Version 12.00
# Visual Studio Version 17
VisualStudioVersion = 17.13.35931.197
MinimumVisualStudioVersion = 10.0.40219.1
Project("{FAE04EC0-301F-11D3-BF4B-00C04F79EFBC}") = "Seagull.API", "Seagull.API\Seagull.API.csproj", "{CBFB1A29-7892-4E46-9751-8CE869ED6EAA}"
EndProject
Project("{FAE04EC0-301F-11D3-BF4B-00C04F79EFBC}") = "Seagull.Core", "Seagull.Core\Seagull.Core.csproj", "{6C6F2A6C-ABC6-4EF3-B402-7A422B8C5716}"
EndProject
Project("{FAE04EC0-301F-11D3-BF4B-00C04F79EFBC}") = "Seagull.Infrastructure", "Seagull.Infrastructure\Seagull.Infrastructure.csproj", "{42874C35-5381-4E89-9ED4-21C1090D7529}"
EndProject
Global
	GlobalSection(SolutionConfigurationPlatforms) = preSolution
		Debug|Any CPU = Debug|Any CPU
		Release|Any CPU = Release|Any CPU
	EndGlobalSection
	GlobalSection(ProjectConfigurationPlatforms) = postSolution
		{CBFB1A29-7892-4E46-9751-8CE869ED6EAA}.Debug|Any CPU.ActiveCfg = Debug|Any CPU
		{CBFB1A29-7892-4E46-9751-8CE869ED6EAA}.Debug|Any CPU.Build.0 = Debug|Any CPU
		{CBFB1A29-7892-4E46-9751-8CE869ED6EAA}.Release|Any CPU.ActiveCfg = Release|Any CPU
		{CBFB1A29-7892-4E46-9751-8CE869ED6EAA}.Release|Any CPU.Build.0 = Release|Any CPU
		{6C6F2A6C-ABC6-4EF3-B402-7A422B8C5716}.Debug|Any CPU.ActiveCfg = Debug|Any CPU
		{6C6F2A6C-ABC6-4EF3-B402-7A422B8C5716}.Debug|Any CPU.Build.0 = Debug|Any CPU
		{6C6F2A6C-ABC6-4EF3-B402-7A422B8C5716}.Release|Any CPU.ActiveCfg = Release|Any CPU
		{6C6F2A6C-ABC6-4EF3-B402-7A422B8C5716}.Release|Any CPU.Build.0 = Release|Any CPU
		{42874C35-5381-4E89-9ED4-21C1090D7529}.Debug|Any CPU.ActiveCfg = Debug|Any CPU
		{42874C35-5381-4E89-9ED4-21C1090D7529}.Debug|Any CPU.Build.0 = Debug|Any CPU
		{42874C35-5381-4E89-9ED4-21C1090D7529}.Release|Any CPU.ActiveCfg = Release|Any CPU
		{42874C35-5381-4E89-9ED4-21C1090D7529}.Release|Any CPU.Build.0 = Release|Any CPU
	EndGlobalSection
	GlobalSection(SolutionProperties) = preSolution
		HideSolutionNode = FALSE
	EndGlobalSection
	GlobalSection(ExtensibilityGlobals) = postSolution
		SolutionGuid = {F74AC407-04AB-49DA-882D-4EA1CD66FDAF}
	EndGlobalSection
EndGlobal
